// !$*UTF8*$!
{
	archiveVersion = 1;
	classes = {
	};
	objectVersion = 46;
	objects = {

/* Begin PBXBuildFile section */
		2C28B6241FF1D6610042EA9F /* test.cpp in Sources */ = {isa = PBXBuildFile; fileRef = 2C28B61D1FF1D6610042EA9F /* test.cpp */; };
		2C28B6271FF1D6610042EA9F /* LogVar.cpp in Sources */ = {isa = PBXBuildFile; fileRef = 2C28B6221FF1D6610042EA9F /* LogVar.cpp */; };
		2C28B62D1FF1F9A10042EA9F /* Edge.cpp in Sources */ = {isa = PBXBuildFile; fileRef = 2C28B6281FF1F9A10042EA9F /* Edge.cpp */; };
		2C28B62E1FF1F9A10042EA9F /* HyperGraph.cpp in Sources */ = {isa = PBXBuildFile; fileRef = 2C28B62A1FF1F9A10042EA9F /* HyperGraph.cpp */; };
		2C28B62F1FF1F9A10042EA9F /* Node.cpp in Sources */ = {isa = PBXBuildFile; fileRef = 2C28B62B1FF1F9A10042EA9F /* Node.cpp */; };
		2C28B6301FF1F9A10042EA9F /* util.cpp in Sources */ = {isa = PBXBuildFile; fileRef = 2C28B62C1FF1F9A10042EA9F /* util.cpp */; };
/* End PBXBuildFile section */

/* Begin PBXCopyFilesBuildPhase section */
		2C28B6111FF1D6090042EA9F /* CopyFiles */ = {
			isa = PBXCopyFilesBuildPhase;
			buildActionMask = 2147483647;
			dstPath = /usr/share/man/man1/;
			dstSubfolderSpec = 0;
			files = (
			);
			runOnlyForDeploymentPostprocessing = 1;
		};
/* End PBXCopyFilesBuildPhase section */

/* Begin PBXFileReference section */
		2C28B6131FF1D6090042EA9F /* HHMMTest */ = {isa = PBXFileReference; explicitFileType = "compiled.mach-o.executable"; includeInIndex = 0; path = HHMMTest; sourceTree = BUILT_PRODUCTS_DIR; };
		2C28B61D1FF1D6610042EA9F /* test.cpp */ = {isa = PBXFileReference; fileEncoding = 4; lastKnownFileType = sourcecode.cpp.cpp; name = test.cpp; path = ../CppCode/test.cpp; sourceTree = "<group>"; };
		2C28B6221FF1D6610042EA9F /* LogVar.cpp */ = {isa = PBXFileReference; fileEncoding = 4; lastKnownFileType = sourcecode.cpp.cpp; name = LogVar.cpp; path = ../CppCode/LogVar.cpp; sourceTree = "<group>"; };
		2C28B6231FF1D6610042EA9F /* LogVar.h */ = {isa = PBXFileReference; fileEncoding = 4; lastKnownFileType = sourcecode.c.h; name = LogVar.h; path = ../CppCode/LogVar.h; sourceTree = "<group>"; };
		2C28B6281FF1F9A10042EA9F /* Edge.cpp */ = {isa = PBXFileReference; fileEncoding = 4; lastKnownFileType = sourcecode.cpp.cpp; name = Edge.cpp; path = ../CppCode/Edge.cpp; sourceTree = "<group>"; };
		2C28B6291FF1F9A10042EA9F /* HHMM.h */ = {isa = PBXFileReference; fileEncoding = 4; lastKnownFileType = sourcecode.c.h; name = HHMM.h; path = ../CppCode/HHMM.h; sourceTree = "<group>"; };
		2C28B62A1FF1F9A10042EA9F /* HyperGraph.cpp */ = {isa = PBXFileReference; fileEncoding = 4; lastKnownFileType = sourcecode.cpp.cpp; name = HyperGraph.cpp; path = ../CppCode/HyperGraph.cpp; sourceTree = "<group>"; };
		2C28B62B1FF1F9A10042EA9F /* Node.cpp */ = {isa = PBXFileReference; fileEncoding = 4; lastKnownFileType = sourcecode.cpp.cpp; name = Node.cpp; path = ../CppCode/Node.cpp; sourceTree = "<group>"; };
		2C28B62C1FF1F9A10042EA9F /* util.cpp */ = {isa = PBXFileReference; fileEncoding = 4; lastKnownFileType = sourcecode.cpp.cpp; name = util.cpp; path = ../CppCode/util.cpp; sourceTree = "<group>"; };
/* End PBXFileReference section */

/* Begin PBXFrameworksBuildPhase section */
		2C28B6101FF1D6090042EA9F /* Frameworks */ = {
			isa = PBXFrameworksBuildPhase;
			buildActionMask = 2147483647;
			files = (
			);
			runOnlyForDeploymentPostprocessing = 0;
		};
/* End PBXFrameworksBuildPhase section */

/* Begin PBXGroup section */
		2C28B60A1FF1D6090042EA9F = {
			isa = PBXGroup;
			children = (
				2C28B6291FF1F9A10042EA9F /* HHMM.h */,
				2C28B62B1FF1F9A10042EA9F /* Node.cpp */,
				2C28B6281FF1F9A10042EA9F /* Edge.cpp */,
				2C28B62A1FF1F9A10042EA9F /* HyperGraph.cpp */,
				2C28B62C1FF1F9A10042EA9F /* util.cpp */,
				2C28B61D1FF1D6610042EA9F /* test.cpp */,
				2C28B6221FF1D6610042EA9F /* LogVar.cpp */,
				2C28B6231FF1D6610042EA9F /* LogVar.h */,
				2C28B6151FF1D6090042EA9F /* HHMMTest */,
				2C28B6141FF1D6090042EA9F /* Products */,
			);
			sourceTree = "<group>";
		};
		2C28B6141FF1D6090042EA9F /* Products */ = {
			isa = PBXGroup;
			children = (
				2C28B6131FF1D6090042EA9F /* HHMMTest */,
			);
			name = Products;
			sourceTree = "<group>";
		};
		2C28B6151FF1D6090042EA9F /* HHMMTest */ = {
			isa = PBXGroup;
			children = (
			);
			path = HHMMTest;
			sourceTree = "<group>";
		};
/* End PBXGroup section */

/* Begin PBXNativeTarget section */
		2C28B6121FF1D6090042EA9F /* HHMMTest */ = {
			isa = PBXNativeTarget;
			buildConfigurationList = 2C28B61A1FF1D6090042EA9F /* Build configuration list for PBXNativeTarget "HHMMTest" */;
			buildPhases = (
				2C28B60F1FF1D6090042EA9F /* Sources */,
				2C28B6101FF1D6090042EA9F /* Frameworks */,
				2C28B6111FF1D6090042EA9F /* CopyFiles */,
			);
			buildRules = (
			);
			dependencies = (
			);
			name = HHMMTest;
			productName = HHMMTest;
			productReference = 2C28B6131FF1D6090042EA9F /* HHMMTest */;
			productType = "com.apple.product-type.tool";
		};
/* End PBXNativeTarget section */

/* Begin PBXProject section */
		2C28B60B1FF1D6090042EA9F /* Project object */ = {
			isa = PBXProject;
			attributes = {
				LastUpgradeCheck = 0820;
				ORGANIZATIONNAME = me;
				TargetAttributes = {
					2C28B6121FF1D6090042EA9F = {
						CreatedOnToolsVersion = 8.2.1;
						ProvisioningStyle = Automatic;
					};
				};
			};
			buildConfigurationList = 2C28B60E1FF1D6090042EA9F /* Build configuration list for PBXProject "HHMMTest" */;
			compatibilityVersion = "Xcode 3.2";
			developmentRegion = English;
			hasScannedForEncodings = 0;
			knownRegions = (
				en,
			);
			mainGroup = 2C28B60A1FF1D6090042EA9F;
			productRefGroup = 2C28B6141FF1D6090042EA9F /* Products */;
			projectDirPath = "";
			projectRoot = "";
			targets = (
				2C28B6121FF1D6090042EA9F /* HHMMTest */,
			);
		};
/* End PBXProject section */

/* Begin PBXSourcesBuildPhase section */
		2C28B60F1FF1D6090042EA9F /* Sources */ = {
			isa = PBXSourcesBuildPhase;
			buildActionMask = 2147483647;
			files = (
				2C28B6271FF1D6610042EA9F /* LogVar.cpp in Sources */,
				2C28B6301FF1F9A10042EA9F /* util.cpp in Sources */,
				2C28B62D1FF1F9A10042EA9F /* Edge.cpp in Sources */,
				2C28B62F1FF1F9A10042EA9F /* Node.cpp in Sources */,
				2C28B62E1FF1F9A10042EA9F /* HyperGraph.cpp in Sources */,
				2C28B6241FF1D6610042EA9F /* test.cpp in Sources */,
			);
			runOnlyForDeploymentPostprocessing = 0;
		};
/* End PBXSourcesBuildPhase section */

/* Begin XCBuildConfiguration section */
		2C28B6181FF1D6090042EA9F /* Debug */ = {
			isa = XCBuildConfiguration;
			buildSettings = {
				ALWAYS_SEARCH_USER_PATHS = NO;
				CLANG_ANALYZER_NONNULL = YES;
				CLANG_CXX_LANGUAGE_STANDARD = "gnu++0x";
				CLANG_CXX_LIBRARY = "libc++";
				CLANG_ENABLE_MODULES = YES;
				CLANG_ENABLE_OBJC_ARC = YES;
				CLANG_WARN_BOOL_CONVERSION = YES;
				CLANG_WARN_CONSTANT_CONVERSION = YES;
				CLANG_WARN_DIRECT_OBJC_ISA_USAGE = YES_ERROR;
				CLANG_WARN_DOCUMENTATION_COMMENTS = YES;
				CLANG_WARN_EMPTY_BODY = YES;
				CLANG_WARN_ENUM_CONVERSION = YES;
				CLANG_WARN_INFINITE_RECURSION = YES;
				CLANG_WARN_INT_CONVERSION = YES;
				CLANG_WARN_OBJC_ROOT_CLASS = YES_ERROR;
				CLANG_WARN_SUSPICIOUS_MOVE = YES;
				CLANG_WARN_UNREACHABLE_CODE = YES;
				CLANG_WARN__DUPLICATE_METHOD_MATCH = YES;
				CODE_SIGN_IDENTITY = "-";
				COPY_PHASE_STRIP = NO;
				DEBUG_INFORMATION_FORMAT = dwarf;
				ENABLE_STRICT_OBJC_MSGSEND = YES;
				ENABLE_TESTABILITY = YES;
				GCC_C_LANGUAGE_STANDARD = gnu99;
				GCC_DYNAMIC_NO_PIC = NO;
				GCC_NO_COMMON_BLOCKS = YES;
				GCC_OPTIMIZATION_LEVEL = 0;
				GCC_PREPROCESSOR_DEFINITIONS = (
					"DEBUG=1",
					"$(inherited)",
				);
				GCC_WARN_64_TO_32_BIT_CONVERSION = YES;
				GCC_WARN_ABOUT_RETURN_TYPE = YES_ERROR;
				GCC_WARN_UNDECLARED_SELECTOR = YES;
				GCC_WARN_UNINITIALIZED_AUTOS = YES_AGGRESSIVE;
				GCC_WARN_UNUSED_FUNCTION = YES;
				GCC_WARN_UNUSED_VARIABLE = YES;
				MACOSX_DEPLOYMENT_TARGET = 10.11;
				MTL_ENABLE_DEBUG_INFO = YES;
				ONLY_ACTIVE_ARCH = YES;
				SDKROOT = macosx;
			};
			name = Debug;
		};
		2C28B6191FF1D6090042EA9F /* Release */ = {
			isa = XCBuildConfiguration;
			buildSettings = {
				ALWAYS_SEARCH_USER_PATHS = NO;
				CLANG_ANALYZER_NONNULL = YES;
				CLANG_CXX_LANGUAGE_STANDARD = "gnu++0x";
				CLANG_CXX_LIBRARY = "libc++";
				CLANG_ENABLE_MODULES = YES;
				CLANG_ENABLE_OBJC_ARC = YES;
				CLANG_WARN_BOOL_CONVERSION = YES;
				CLANG_WARN_CONSTANT_CONVERSION = YES;
				CLANG_WARN_DIRECT_OBJC_ISA_USAGE = YES_ERROR;
				CLANG_WARN_DOCUMENTATION_COMMENTS = YES;
				CLANG_WARN_EMPTY_BODY = YES;
				CLANG_WARN_ENUM_CONVERSION = YES;
				CLANG_WARN_INFINITE_RECURSION = YES;
				CLANG_WARN_INT_CONVERSION = YES;
				CLANG_WARN_OBJC_ROOT_CLASS = YES_ERROR;
				CLANG_WARN_SUSPICIOUS_MOVE = YES;
				CLANG_WARN_UNREACHABLE_CODE = YES;
				CLANG_WARN__DUPLICATE_METHOD_MATCH = YES;
				CODE_SIGN_IDENTITY = "-";
				COPY_PHASE_STRIP = NO;
				DEBUG_INFORMATION_FORMAT = "dwarf-with-dsym";
				ENABLE_NS_ASSERTIONS = NO;
				ENABLE_STRICT_OBJC_MSGSEND = YES;
				GCC_C_LANGUAGE_STANDARD = gnu99;
				GCC_NO_COMMON_BLOCKS = YES;
				GCC_WARN_64_TO_32_BIT_CONVERSION = YES;
				GCC_WARN_ABOUT_RETURN_TYPE = YES_ERROR;
				GCC_WARN_UNDECLARED_SELECTOR = YES;
				GCC_WARN_UNINITIALIZED_AUTOS = YES_AGGRESSIVE;
				GCC_WARN_UNUSED_FUNCTION = YES;
				GCC_WARN_UNUSED_VARIABLE = YES;
				MACOSX_DEPLOYMENT_TARGET = 10.11;
				MTL_ENABLE_DEBUG_INFO = NO;
				SDKROOT = macosx;
			};
			name = Release;
		};
		2C28B61B1FF1D6090042EA9F /* Debug */ = {
			isa = XCBuildConfiguration;
			buildSettings = {
				PRODUCT_NAME = "$(TARGET_NAME)";
			};
			name = Debug;
		};
		2C28B61C1FF1D6090042EA9F /* Release */ = {
			isa = XCBuildConfiguration;
			buildSettings = {
				PRODUCT_NAME = "$(TARGET_NAME)";
			};
			name = Release;
		};
/* End XCBuildConfiguration section */

/* Begin XCConfigurationList section */
		2C28B60E1FF1D6090042EA9F /* Build configuration list for PBXProject "HHMMTest" */ = {
			isa = XCConfigurationList;
			buildConfigurations = (
				2C28B6181FF1D6090042EA9F /* Debug */,
				2C28B6191FF1D6090042EA9F /* Release */,
			);
			defaultConfigurationIsVisible = 0;
			defaultConfigurationName = Release;
		};
		2C28B61A1FF1D6090042EA9F /* Build configuration list for PBXNativeTarget "HHMMTest" */ = {
			isa = XCConfigurationList;
			buildConfigurations = (
				2C28B61B1FF1D6090042EA9F /* Debug */,
				2C28B61C1FF1D6090042EA9F /* Release */,
			);
			defaultConfigurationIsVisible = 0;
			defaultConfigurationName = Release;
		};
/* End XCConfigurationList section */
	};
	rootObject = 2C28B60B1FF1D6090042EA9F /* Project object */;
}
